// !$*UTF8*$!
{
	archiveVersion = 1;
	classes = {
	};
	objectVersion = 46;
	objects = {

/* Begin PBXBuildFile section */
		7907A8E11D2EA51600902D4D /* FrameworkThatUsesFuzi.h in Headers */ = {isa = PBXBuildFile; fileRef = 7907A8E01D2EA51600902D4D /* FrameworkThatUsesFuzi.h */; settings = {ATTRIBUTES = (Public, ); }; };
		7907A8FE1D2EA65000902D4D /* HelloWorld.swift in Sources */ = {isa = PBXBuildFile; fileRef = 7907A8FD1D2EA65000902D4D /* HelloWorld.swift */; };
		7907A9001D2EA70F00902D4D /* Fuzi.framework in Frameworks */ = {isa = PBXBuildFile; fileRef = 7907A8FF1D2EA70F00902D4D /* Fuzi.framework */; };
/* End PBXBuildFile section */

/* Begin PBXFileReference section */
		7907A8DD1D2EA51600902D4D /* FrameworkThatUsesFuzi.framework */ = {isa = PBXFileReference; explicitFileType = wrapper.framework; includeInIndex = 0; path = FrameworkThatUsesFuzi.framework; sourceTree = BUILT_PRODUCTS_DIR; };
		7907A8E01D2EA51600902D4D /* FrameworkThatUsesFuzi.h */ = {isa = PBXFileReference; lastKnownFileType = sourcecode.c.h; path = FrameworkThatUsesFuzi.h; sourceTree = "<group>"; };
		7907A8E21D2EA51600902D4D /* Info.plist */ = {isa = PBXFileReference; lastKnownFileType = text.plist.xml; path = Info.plist; sourceTree = "<group>"; };
		7907A8FD1D2EA65000902D4D /* HelloWorld.swift */ = {isa = PBXFileReference; fileEncoding = 4; lastKnownFileType = sourcecode.swift; path = HelloWorld.swift; sourceTree = "<group>"; };
		7907A8FF1D2EA70F00902D4D /* Fuzi.framework */ = {isa = PBXFileReference; lastKnownFileType = wrapper.framework; name = Fuzi.framework; path = Carthage/Build/iOS/Fuzi.framework; sourceTree = "<group>"; };
/* End PBXFileReference section */

/* Begin PBXFrameworksBuildPhase section */
		7907A8D91D2EA51600902D4D /* Frameworks */ = {
			isa = PBXFrameworksBuildPhase;
			buildActionMask = 2147483647;
			files = (
				7907A9001D2EA70F00902D4D /* Fuzi.framework in Frameworks */,
			);
			runOnlyForDeploymentPostprocessing = 0;
		};
/* End PBXFrameworksBuildPhase section */

/* Begin PBXGroup section */
		7907A8D31D2EA51600902D4D = {
			isa = PBXGroup;
			children = (
				7907A8FF1D2EA70F00902D4D /* Fuzi.framework */,
				7907A8DF1D2EA51600902D4D /* FrameworkThatUsesFuzi */,
				7907A8DE1D2EA51600902D4D /* Products */,
			);
			sourceTree = "<group>";
		};
		7907A8DE1D2EA51600902D4D /* Products */ = {
			isa = PBXGroup;
			children = (
				7907A8DD1D2EA51600902D4D /* FrameworkThatUsesFuzi.framework */,
			);
			name = Products;
			sourceTree = "<group>";
		};
		7907A8DF1D2EA51600902D4D /* FrameworkThatUsesFuzi */ = {
			isa = PBXGroup;
			children = (
				7907A8E01D2EA51600902D4D /* FrameworkThatUsesFuzi.h */,
				7907A8E21D2EA51600902D4D /* Info.plist */,
				7907A8FD1D2EA65000902D4D /* HelloWorld.swift */,
			);
			path = FrameworkThatUsesFuzi;
			sourceTree = "<group>";
		};
/* End PBXGroup section */

/* Begin PBXHeadersBuildPhase section */
		7907A8DA1D2EA51600902D4D /* Headers */ = {
			isa = PBXHeadersBuildPhase;
			buildActionMask = 2147483647;
			files = (
				7907A8E11D2EA51600902D4D /* FrameworkThatUsesFuzi.h in Headers */,
			);
			runOnlyForDeploymentPostprocessing = 0;
		};
/* End PBXHeadersBuildPhase section */

/* Begin PBXNativeTarget section */
		7907A8DC1D2EA51600902D4D /* FrameworkThatUsesFuzi */ = {
			isa = PBXNativeTarget;
			buildConfigurationList = 7907A8E51D2EA51600902D4D /* Build configuration list for PBXNativeTarget "FrameworkThatUsesFuzi" */;
			buildPhases = (
				7907A8D81D2EA51600902D4D /* Sources */,
				7907A8D91D2EA51600902D4D /* Frameworks */,
				7907A8DA1D2EA51600902D4D /* Headers */,
				7907A8DB1D2EA51600902D4D /* Resources */,
			);
			buildRules = (
			);
			dependencies = (
			);
			name = FrameworkThatUsesFuzi;
			productName = FrameworkThatUsesFuzi;
			productReference = 7907A8DD1D2EA51600902D4D /* FrameworkThatUsesFuzi.framework */;
			productType = "com.apple.product-type.framework";
		};
/* End PBXNativeTarget section */

/* Begin PBXProject section */
		7907A8D41D2EA51600902D4D /* Project object */ = {
			isa = PBXProject;
			attributes = {
				LastUpgradeCheck = 0730;
				ORGANIZATIONNAME = "Ce Zheng";
				TargetAttributes = {
					7907A8DC1D2EA51600902D4D = {
						CreatedOnToolsVersion = 7.3.1;
						DevelopmentTeam = 54X9TG467W;
					};
				};
			};
			buildConfigurationList = 7907A8D71D2EA51600902D4D /* Build configuration list for PBXProject "FrameworkThatUsesFuzi" */;
			compatibilityVersion = "Xcode 3.2";
			developmentRegion = English;
			hasScannedForEncodings = 0;
			knownRegions = (
				en,
			);
			mainGroup = 7907A8D31D2EA51600902D4D;
			productRefGroup = 7907A8DE1D2EA51600902D4D /* Products */;
			projectDirPath = "";
			projectRoot = "";
			targets = (
				7907A8DC1D2EA51600902D4D /* FrameworkThatUsesFuzi */,
			);
		};
/* End PBXProject section */

/* Begin PBXResourcesBuildPhase section */
		7907A8DB1D2EA51600902D4D /* Resources */ = {
			isa = PBXResourcesBuildPhase;
			buildActionMask = 2147483647;
			files = (
			);
			runOnlyForDeploymentPostprocessing = 0;
		};
/* End PBXResourcesBuildPhase section */

/* Begin PBXSourcesBuildPhase section */
		7907A8D81D2EA51600902D4D /* Sources */ = {
			isa = PBXSourcesBuildPhase;
			buildActionMask = 2147483647;
			files = (
				7907A8FE1D2EA65000902D4D /* HelloWorld.swift in Sources */,
			);
			runOnlyForDeploymentPostprocessing = 0;
		};
/* End PBXSourcesBuildPhase section */

/* Begin XCBuildConfiguration section */
		7907A8E31D2EA51600902D4D /* Debug */ = {
			isa = XCBuildConfiguration;
			buildSettings = {
				ALWAYS_SEARCH_USER_PATHS = NO;
				CLANG_ANALYZER_NONNULL = YES;
				CLANG_CXX_LANGUAGE_STANDARD = "gnu++0x";
				CLANG_CXX_LIBRARY = "libc++";
				CLANG_ENABLE_MODULES = YES;
				CLANG_ENABLE_OBJC_ARC = YES;
				CLANG_WARN_BOOL_CONVERSION = YES;
				CLANG_WARN_CONSTANT_CONVERSION = YES;
				CLANG_WARN_DIRECT_OBJC_ISA_USAGE = YES_ERROR;
				CLANG_WARN_EMPTY_BODY = YES;
				CLANG_WARN_ENUM_CONVERSION = YES;
				CLANG_WARN_INT_CONVERSION = YES;
				CLANG_WARN_OBJC_ROOT_CLASS = YES_ERROR;
				CLANG_WARN_UNREACHABLE_CODE = YES;
				CLANG_WARN__DUPLICATE_METHOD_MATCH = YES;
				"CODE_SIGN_IDENTITY[sdk=iphoneos*]" = "iPhone Developer";
				COPY_PHASE_STRIP = NO;
				CURRENT_PROJECT_VERSION = 1;
				DEBUG_INFORMATION_FORMAT = dwarf;
				ENABLE_STRICT_OBJC_MSGSEND = YES;
				ENABLE_TESTABILITY = YES;
				GCC_C_LANGUAGE_STANDARD = gnu99;
				GCC_DYNAMIC_NO_PIC = NO;
				GCC_NO_COMMON_BLOCKS = YES;
				GCC_OPTIMIZATION_LEVEL = 0;
				GCC_PREPROCESSOR_DEFINITIONS = (
					"DEBUG=1",
					"$(inherited)",
				);
				GCC_WARN_64_TO_32_BIT_CONVERSION = YES;
				GCC_WARN_ABOUT_RETURN_TYPE = YES_ERROR;
				GCC_WARN_UNDECLARED_SELECTOR = YES;
				GCC_WARN_UNINITIALIZED_AUTOS = YES_AGGRESSIVE;
				GCC_WARN_UNUSED_FUNCTION = YES;
				GCC_WARN_UNUSED_VARIABLE = YES;
				HEADER_SEARCH_PATHS = "$(SDKROOT)/usr/include/libxml2";
				IPHONEOS_DEPLOYMENT_TARGET = 9.3;
				MTL_ENABLE_DEBUG_INFO = YES;
				ONLY_ACTIVE_ARCH = YES;
				SDKROOT = iphoneos;
				SWIFT_OPTIMIZATION_LEVEL = "-Onone";
				TARGETED_DEVICE_FAMILY = "1,2";
				VERSIONING_SYSTEM = "apple-generic";
				VERSION_INFO_PREFIX = "";
			};
			name = Debug;
		};
		7907A8E41D2EA51600902D4D /* Release */ = {
			isa = XCBuildConfiguration;
			buildSettings = {
				ALWAYS_SEARCH_USER_PATHS = NO;
				CLANG_ANALYZER_NONNULL = YES;
				CLANG_CXX_LANGUAGE_STANDARD = "gnu++0x";
				CLANG_CXX_LIBRARY = "libc++";
				CLANG_ENABLE_MODULES = YES;
				CLANG_ENABLE_OBJC_ARC = YES;
				CLANG_WARN_BOOL_CONVERSION = YES;
				CLANG_WARN_CONSTANT_CONVERSION = YES;
				CLANG_WARN_DIRECT_OBJC_ISA_USAGE = YES_ERROR;
				CLANG_WARN_EMPTY_BODY = YES;
				CLANG_WARN_ENUM_CONVERSION = YES;
				CLANG_WARN_INT_CONVERSION = YES;
				CLANG_WARN_OBJC_ROOT_CLASS = YES_ERROR;
				CLANG_WARN_UNREACHABLE_CODE = YES;
				CLANG_WARN__DUPLICATE_METHOD_MATCH = YES;
				"CODE_SIGN_IDENTITY[sdk=iphoneos*]" = "iPhone Developer";
				COPY_PHASE_STRIP = NO;
				CURRENT_PROJECT_VERSION = 1;
				DEBUG_INFORMATION_FORMAT = "dwarf-with-dsym";
				ENABLE_NS_ASSERTIONS = NO;
				ENABLE_STRICT_OBJC_MSGSEND = YES;
				GCC_C_LANGUAGE_STANDARD = gnu99;
				GCC_NO_COMMON_BLOCKS = YES;
				GCC_WARN_64_TO_32_BIT_CONVERSION = YES;
				GCC_WARN_ABOUT_RETURN_TYPE = YES_ERROR;
				GCC_WARN_UNDECLARED_SELECTOR = YES;
				GCC_WARN_UNINITIALIZED_AUTOS = YES_AGGRESSIVE;
				GCC_WARN_UNUSED_FUNCTION = YES;
				GCC_WARN_UNUSED_VARIABLE = YES;
				HEADER_SEARCH_PATHS = "$(SDKROOT)/usr/include/libxml2";
				IPHONEOS_DEPLOYMENT_TARGET = 9.3;
				MTL_ENABLE_DEBUG_INFO = NO;
				SDKROOT = iphoneos;
				TARGETED_DEVICE_FAMILY = "1,2";
				VALIDATE_PRODUCT = YES;
				VERSIONING_SYSTEM = "apple-generic";
				VERSION_INFO_PREFIX = "";
			};
			name = Release;
		};
		7907A8E61D2EA51600902D4D /* Debug */ = {
			isa = XCBuildConfiguration;
			buildSettings = {
				CLANG_ENABLE_MODULES = YES;
				DEFINES_MODULE = YES;
				DYLIB_COMPATIBILITY_VERSION = 1;
				DYLIB_CURRENT_VERSION = 1;
				DYLIB_INSTALL_NAME_BASE = "@rpath";
				FRAMEWORK_SEARCH_PATHS = (
					"$(inherited)",
					"$(PROJECT_DIR)/Carthage/Build/iOS",
				);
				INFOPLIST_FILE = FrameworkThatUsesFuzi/Info.plist;
				INSTALL_PATH = "$(LOCAL_LIBRARY_DIR)/Frameworks";
				LD_RUNPATH_SEARCH_PATHS = "$(inherited) @executable_path/Frameworks @loader_path/Frameworks";
				PRODUCT_BUNDLE_IDENTIFIER = me.cezheng.FrameworkThatUsesFuzi;
				PRODUCT_NAME = "$(TARGET_NAME)";
				SKIP_INSTALL = YES;
				SWIFT_OPTIMIZATION_LEVEL = "-Onone";
			};
			name = Debug;
		};
		7907A8E71D2EA51600902D4D /* Release */ = {
			isa = XCBuildConfiguration;
			buildSettings = {
				CLANG_ENABLE_MODULES = YES;
				DEFINES_MODULE = YES;
				DYLIB_COMPATIBILITY_VERSION = 1;
				DYLIB_CURRENT_VERSION = 1;
				DYLIB_INSTALL_NAME_BASE = "@rpath";
				FRAMEWORK_SEARCH_PATHS = (
					"$(inherited)",
					"$(PROJECT_DIR)/Carthage/Build/iOS",
				);
				INFOPLIST_FILE = FrameworkThatUsesFuzi/Info.plist;
				INSTALL_PATH = "$(LOCAL_LIBRARY_DIR)/Frameworks";
				LD_RUNPATH_SEARCH_PATHS = "$(inherited) @executable_path/Frameworks @loader_path/Frameworks";
				PRODUCT_BUNDLE_IDENTIFIER = me.cezheng.FrameworkThatUsesFuzi;
				PRODUCT_NAME = "$(TARGET_NAME)";
				SKIP_INSTALL = YES;
			};
			name = Release;
		};
/* End XCBuildConfiguration section */

/* Begin XCConfigurationList section */
		7907A8D71D2EA51600902D4D /* Build configuration list for PBXProject "FrameworkThatUsesFuzi" */ = {
			isa = XCConfigurationList;
			buildConfigurations = (
				7907A8E31D2EA51600902D4D /* Debug */,
				7907A8E41D2EA51600902D4D /* Release */,
			);
			defaultConfigurationIsVisible = 0;
			defaultConfigurationName = Release;
		};
		7907A8E51D2EA51600902D4D /* Build configuration list for PBXNativeTarget "FrameworkThatUsesFuzi" */ = {
			isa = XCConfigurationList;
			buildConfigurations = (
				7907A8E61D2EA51600902D4D /* Debug */,
				7907A8E71D2EA51600902D4D /* Release */,
			);
			defaultConfigurationIsVisible = 0;
			defaultConfigurationName = Release;
		};
/* End XCConfigurationList section */
	};
	rootObject = 7907A8D41D2EA51600902D4D /* Project object */;
}
